
Microsoft Visual Studio Solution File, Format Version 12.00
# Visual Studio 15
VisualStudioVersion = 15.0.27428.2011
MinimumVisualStudioVersion = 10.0.40219.1
Project("{9A19103F-16F7-4668-BE54-9A1E7A4F7556}") = "WebEncoders", "WebEncoders\WebEncoders.csproj", "{78B74F90-AB59-445A-A21A-AF086FFBE637}"
EndProject
Project("{2150E333-8FDC-42A3-9474-1A3956D46DE8}") = "build", "build", "{57EA7AE2-7282-4AD4-9D11-62EF20B55D65}"
	ProjectSection(SolutionItems) = preProject
		NuGet.config = NuGet.config
	EndProjectSection
EndProject
Global
	GlobalSection(SolutionConfigurationPlatforms) = preSolution
		Debug|Any CPU = Debug|Any CPU
		Release|Any CPU = Release|Any CPU
	EndGlobalSection
	GlobalSection(ProjectConfigurationPlatforms) = postSolution
		{78B74F90-AB59-445A-A21A-AF086FFBE637}.Debug|Any CPU.ActiveCfg = Debug|Any CPU
		{78B74F90-AB59-445A-A21A-AF086FFBE637}.Debug|Any CPU.Build.0 = Debug|Any CPU
		{78B74F90-AB59-445A-A21A-AF086FFBE637}.Release|Any CPU.ActiveCfg = Release|Any CPU
		{78B74F90-AB59-445A-A21A-AF086FFBE637}.Release|Any CPU.Build.0 = Release|Any CPU
	EndGlobalSection
	GlobalSection(SolutionProperties) = preSolution
		HideSolutionNode = FALSE
	EndGlobalSection
	GlobalSection(ExtensibilityGlobals) = postSolution
		SolutionGuid = {8711B39C-333B-43D7-9DC2-0A3BF6BF7ABB}
	EndGlobalSection
EndGlobal
