
Microsoft Visual Studio Solution File, Format Version 12.00
# Visual Studio Version 16
VisualStudioVersion = 16.0.30621.155
MinimumVisualStudioVersion = 10.0.40219.1
Project("{FAE04EC0-301F-11D3-BF4B-00C04F79EFBC}") = "Matrix2x2", "Matrix2x2\Matrix2x2.csproj", "{559C5CD8-7577-4F9B-8B27-878B7A7DEEF4}"
EndProject
Global
	GlobalSection(SolutionConfigurationPlatforms) = preSolution
		Debug|Any CPU = Debug|Any CPU
		Release|Any CPU = Release|Any CPU
	EndGlobalSection
	GlobalSection(ProjectConfigurationPlatforms) = postSolution
		{559C5CD8-7577-4F9B-8B27-878B7A7DEEF4}.Debug|Any CPU.ActiveCfg = Debug|Any CPU
		{559C5CD8-7577-4F9B-8B27-878B7A7DEEF4}.Debug|Any CPU.Build.0 = Debug|Any CPU
		{559C5CD8-7577-4F9B-8B27-878B7A7DEEF4}.Release|Any CPU.ActiveCfg = Release|Any CPU
		{559C5CD8-7577-4F9B-8B27-878B7A7DEEF4}.Release|Any CPU.Build.0 = Release|Any CPU
	EndGlobalSection
	GlobalSection(SolutionProperties) = preSolution
		HideSolutionNode = FALSE
	EndGlobalSection
	GlobalSection(ExtensibilityGlobals) = postSolution
		SolutionGuid = {3B2CCDE7-B902-4418-A6F6-83E76E7E91B3}
	EndGlobalSection
EndGlobal
