
Microsoft Visual Studio Solution File, Format Version 12.00
# Visual Studio Version 17
VisualStudioVersion = 17.5.33414.496
MinimumVisualStudioVersion = 10.0.40219.1
Project("{FAE04EC0-301F-11D3-BF4B-00C04F79EFBC}") = "MemoryExtensionsCount", "MemoryExtensionsCount\MemoryExtensionsCount.csproj", "{B34B5708-1EE3-4BE1-A91A-B611E5FB2178}"
EndProject
Global
	GlobalSection(SolutionConfigurationPlatforms) = preSolution
		Debug|Any CPU = Debug|Any CPU
		Release|Any CPU = Release|Any CPU
	EndGlobalSection
	GlobalSection(ProjectConfigurationPlatforms) = postSolution
		{B34B5708-1EE3-4BE1-A91A-B611E5FB2178}.Debug|Any CPU.ActiveCfg = Debug|Any CPU
		{B34B5708-1EE3-4BE1-A91A-B611E5FB2178}.Debug|Any CPU.Build.0 = Debug|Any CPU
		{B34B5708-1EE3-4BE1-A91A-B611E5FB2178}.Release|Any CPU.ActiveCfg = Release|Any CPU
		{B34B5708-1EE3-4BE1-A91A-B611E5FB2178}.Release|Any CPU.Build.0 = Release|Any CPU
	EndGlobalSection
	GlobalSection(SolutionProperties) = preSolution
		HideSolutionNode = FALSE
	EndGlobalSection
	GlobalSection(ExtensibilityGlobals) = postSolution
		SolutionGuid = {1C1660BD-57A6-4721-8DE2-202C26175D3D}
	EndGlobalSection
EndGlobal
