
Microsoft Visual Studio Solution File, Format Version 12.00
# Visual Studio Version 16
VisualStudioVersion = 16.0.30717.126
MinimumVisualStudioVersion = 10.0.40219.1
Project("{9A19103F-16F7-4668-BE54-9A1E7A4F7556}") = "LoggerMessageBenchmarks", "LoggerMessageBenchmarks.csproj", "{D5272656-78AE-4C9F-9300-503E254244C0}"
EndProject
Global
	GlobalSection(SolutionConfigurationPlatforms) = preSolution
		Debug|Any CPU = Debug|Any CPU
		Release|Any CPU = Release|Any CPU
	EndGlobalSection
	GlobalSection(ProjectConfigurationPlatforms) = postSolution
		{D5272656-78AE-4C9F-9300-503E254244C0}.Debug|Any CPU.ActiveCfg = Debug|Any CPU
		{D5272656-78AE-4C9F-9300-503E254244C0}.Debug|Any CPU.Build.0 = Debug|Any CPU
		{D5272656-78AE-4C9F-9300-503E254244C0}.Release|Any CPU.ActiveCfg = Release|Any CPU
		{D5272656-78AE-4C9F-9300-503E254244C0}.Release|Any CPU.Build.0 = Release|Any CPU
	EndGlobalSection
	GlobalSection(SolutionProperties) = preSolution
		HideSolutionNode = FALSE
	EndGlobalSection
	GlobalSection(ExtensibilityGlobals) = postSolution
		SolutionGuid = {ABEC3D9D-6161-4DA4-A65C-23D1DC6922F7}
	EndGlobalSection
EndGlobal
